<?xml version="1.0" encoding="utf-8"?>
<Project ToolsVersion="4.0" xmlns="http://schemas.microsoft.com/developer/msbuild/2003">
  <ItemGroup>
    <ClCompile Include="MainMenuState.cpp">
      <Filter>States</Filter>
    </ClCompile>
    <ClCompile Include="GameState.cpp">
      <Filter>States</Filter>
    </ClCompile>
    <ClCompile Include="State.cpp">
      <Filter>States</Filter>
    </ClCompile>
    <ClCompile Include="Creature.cpp">
      <Filter>Creatures</Filter>
    </ClCompile>
    <ClCompile Include="Player.cpp">
      <Filter>Creatures</Filter>
    </ClCompile>
    <ClCompile Include="AnimationComponent.cpp">
      <Filter>Components</Filter>
    </ClCompile>
    <ClCompile Include="HitboxComponent.cpp">
      <Filter>Components</Filter>
    </ClCompile>
    <ClCompile Include="MovementComponent.cpp">
      <Filter>Components</Filter>
    </ClCompile>
    <ClCompile Include="PhysicsComponent.cpp">
      <Filter>Components</Filter>
    </ClCompile>
    <ClCompile Include="Button.cpp">
      <Filter>Libraries\GUI</Filter>
    </ClCompile>
    <ClCompile Include="Timer.cpp">
      <Filter>Libraries\Other libraries</Filter>
    </ClCompile>
    <ClCompile Include="Tile.cpp">
      <Filter>Tile Map</Filter>
    </ClCompile>
    <ClCompile Include="TileMap.cpp">
      <Filter>Tile Map</Filter>
    </ClCompile>
    <ClCompile Include="Item.cpp">
      <Filter>Items</Filter>
    </ClCompile>
    <ClCompile Include="MeleeWeapon.cpp">
      <Filter>Items\Weapons</Filter>
    </ClCompile>
    <ClCompile Include="RangeWeapon.cpp">
      <Filter>Items\Weapons</Filter>
    </ClCompile>
    <ClCompile Include="PauseMenu.cpp">
      <Filter>Libraries\GUI</Filter>
    </ClCompile>
    <ClCompile Include="AuxiliaryVariables.cpp">
      <Filter>Auxiliary Resources</Filter>
    </ClCompile>
    <ClCompile Include="GameResources.cpp">
      <Filter>Auxiliary Resources</Filter>
    </ClCompile>
    <ClCompile Include="main.cpp">
      <Filter>Other stuff</Filter>
    </ClCompile>
    <ClCompile Include="Game.cpp">
      <Filter>Other stuff</Filter>
    </ClCompile>
    <ClCompile Include="Debug.cpp">
      <Filter>Auxiliary Resources</Filter>
    </ClCompile>
    <ClCompile Include="Geometry.cpp">
      <Filter>Libraries\Geometry</Filter>
    </ClCompile>
    <ClCompile Include="Headers.cpp">
      <Filter>Other stuff</Filter>
    </ClCompile>
  </ItemGroup>
  <ItemGroup>
    <ClInclude Include="MainMenuState.h">
      <Filter>States</Filter>
    </ClInclude>
    <ClInclude Include="GameState.h">
      <Filter>States</Filter>
    </ClInclude>
    <ClInclude Include="State.h">
      <Filter>States</Filter>
    </ClInclude>
    <ClInclude Include="Creature.h">
      <Filter>Creatures</Filter>
    </ClInclude>
    <ClInclude Include="Player.h">
      <Filter>Creatures</Filter>
    </ClInclude>
    <ClInclude Include="AnimationComponent.h">
      <Filter>Components</Filter>
    </ClInclude>
    <ClInclude Include="HitboxComponent.h">
      <Filter>Components</Filter>
    </ClInclude>
    <ClInclude Include="MovementComponent.h">
      <Filter>Components</Filter>
    </ClInclude>
    <ClInclude Include="PhysicsComponent.h">
      <Filter>Components</Filter>
    </ClInclude>
    <ClInclude Include="Button.h">
      <Filter>Libraries\GUI</Filter>
    </ClInclude>
    <ClInclude Include="Timer.h">
      <Filter>Libraries\Other libraries</Filter>
    </ClInclude>
    <ClInclude Include="Tile.h">
      <Filter>Tile Map</Filter>
    </ClInclude>
    <ClInclude Include="TileMap.h">
      <Filter>Tile Map</Filter>
    </ClInclude>
    <ClInclude Include="Item.h">
      <Filter>Items</Filter>
    </ClInclude>
    <ClInclude Include="MeleeWeapon.h">
      <Filter>Items\Weapons</Filter>
    </ClInclude>
    <ClInclude Include="RangeWeapon.h">
      <Filter>Items\Weapons</Filter>
    </ClInclude>
    <ClInclude Include="PauseMenu.h">
      <Filter>Libraries\GUI</Filter>
    </ClInclude>
    <ClInclude Include="AuxiliaryVariables.h">
      <Filter>Auxiliary Resources</Filter>
    </ClInclude>
    <ClInclude Include="GameResources.h">
      <Filter>Auxiliary Resources</Filter>
    </ClInclude>
    <ClInclude Include="Game.h">
      <Filter>Other stuff</Filter>
    </ClInclude>
    <ClInclude Include="Debug.h">
      <Filter>Auxiliary Resources</Filter>
    </ClInclude>
    <ClInclude Include="Geometry.h">
      <Filter>Libraries\Geometry</Filter>
    </ClInclude>
    <ClInclude Include="Headers.h">
      <Filter>Other stuff</Filter>
    </ClInclude>
  </ItemGroup>
  <ItemGroup>
    <Filter Include="States">
      <UniqueIdentifier>{1c7b6d67-6778-493d-90ee-e7eddf0c1f69}</UniqueIdentifier>
    </Filter>
    <Filter Include="Creatures">
      <UniqueIdentifier>{aa730fa5-fab0-470a-9e3a-0ccd2d6bd713}</UniqueIdentifier>
    </Filter>
    <Filter Include="Components">
      <UniqueIdentifier>{99cb9268-2eae-40b3-943a-b7c10f27c787}</UniqueIdentifier>
    </Filter>
    <Filter Include="Libraries">
      <UniqueIdentifier>{31d2236d-5010-4418-a8b2-36d7408d74af}</UniqueIdentifier>
    </Filter>
    <Filter Include="Libraries\GUI">
      <UniqueIdentifier>{6efc9acf-59d7-4a5e-b333-9811341c480c}</UniqueIdentifier>
    </Filter>
    <Filter Include="Libraries\Other libraries">
      <UniqueIdentifier>{eac14754-4e18-47f9-831a-0262a32244bd}</UniqueIdentifier>
    </Filter>
    <Filter Include="Tile Map">
      <UniqueIdentifier>{586fd063-6b05-490f-a244-510166765f49}</UniqueIdentifier>
    </Filter>
    <Filter Include="Items">
      <UniqueIdentifier>{7e8a2e37-16cc-42df-ba93-36b539ce8c4e}</UniqueIdentifier>
    </Filter>
    <Filter Include="Items\Weapons">
      <UniqueIdentifier>{4bcb6af1-cc74-4f75-9245-c0ceaafc436e}</UniqueIdentifier>
    </Filter>
    <Filter Include="Other stuff">
      <UniqueIdentifier>{5fd18644-293a-4b91-8bcf-6c6420889528}</UniqueIdentifier>
    </Filter>
    <Filter Include="Libraries\Geometry">
      <UniqueIdentifier>{76354607-ae23-46d3-bf0a-453ed9c301dc}</UniqueIdentifier>
    </Filter>
    <Filter Include="Auxiliary Resources">
      <UniqueIdentifier>{109cd2c1-e8b7-433f-858c-867ca0634530}</UniqueIdentifier>
    </Filter>
  </ItemGroup>
</Project>